PODS:
  - CoordinatingController (1.0)
  - DACircularProgress (2.3.1)
  - DocumentManager (1.0)
  - MBProgressHUD (0.9.1)
  - MWPhotoBrowser (1.4.1):
    - DACircularProgress
    - MBProgressHUD (~> 0.8)
    - PSTCollectionView (~> 1.2)
    - SDWebImage (~> 3.7)
  - pop (1.0.7)
  - PSTCollectionView (1.2.3)
  - SCRecorder (2.4.9)
  - SDWebImage (3.7.2):
    - SDWebImage/Core (= 3.7.2)
  - SDWebImage/Core (3.7.2)

DEPENDENCIES:
  - CoordinatingController
  - DocumentManager
  - MWPhotoBrowser
  - pop
  - SCRecorder

SPEC CHECKSUMS:
  CoordinatingController: 101facd8f7d98d34ee096d58ea0064b6bfbc4ad6
  DACircularProgress: 4dd437c0fc3da5161cb289e07ac449493d41db71
  DocumentManager: 34b5fb31429911dcca57407afead4377c62df164
  MBProgressHUD: c47f2c166c126cf2ce36498d80f33e754d4e93ad
  MWPhotoBrowser: 2531e682860d62b8a7ba8659de02eb9040e431e5
  pop: 628ffc631644601567ee8bfaaaea493ebd7d0923
  PSTCollectionView: 6749df92885353521f55279a7ce2b293762e2be4
  SCRecorder: d0b0164ac4d45ba7f74375319800b2a83378226b
  SDWebImage: 71b7cdc1d1721d6a82ed62889030225f2c249e29

COCOAPODS: 0.35.0
